# This file is autogenerated, do not edit; changes may be undone by the next 'dep ensure'.


[[projects]]
  branch = "master"
  digest = "1:f954567bcc95e4614c437b44cfd2bf52b4b3c424a5316b725f030c9f3224def0"
  name = "github.com/digitalocean/go-openvswitch"
  packages = ["ovs"]
  pruneopts = "UT"
  revision = "10882ec21235e46a2aa4b33a6e770b5bcaeb40fd"

[[projects]]
  digest = "1:31e761d97c76151dde79e9d28964a812c46efc5baee4085b86f68f0c654450de"
  name = "github.com/konsorten/go-windows-terminal-sequences"
  packages = ["."]
  pruneopts = "UT"
  revision = "f55edac94c9bbba5d6182a4be46d86a2c9b5b50e"
  version = "v1.0.2"

[[projects]]
  digest = "1:366d745b26387d1821550b0fdebaaeb336d41a3d2110cf4b341c871f7102510c"
  name = "github.com/libvirt/libvirt-go"
  packages = ["."]
  pruneopts = "UT"
  revision = "990578ed5e26b53ee5bdfb6f2c5a099dc3eff4ad"
  version = "v5.1.0"

[[projects]]
  digest = "1:a7c7d7e8e8f862afc251b615b669dcd7d6a4c0407a266e6be1b3fd2a0946c6fe"
  name = "github.com/newrelic/go-agent"
  packages = [
    ".",
    "internal",
    "internal/cat",
    "internal/jsonx",
    "internal/logger",
    "internal/racedetector",
    "internal/sysinfo",
    "internal/utilization",
  ]
  pruneopts = "UT"
  revision = "8eb6fec288856f0cdb0bb71f88ad213accdd9a35"
  version = "v2.6.0"

[[projects]]
  digest = "1:e4c72127d910a96daf869a44f3dd563b86dbe6931a172863a0e99c5ff04b59e4"
  name = "github.com/sirupsen/logrus"
  packages = ["."]
  pruneopts = "UT"
  revision = "dae0fa8d5b0c810a8ab733fbd5510c7cae84eca4"
  version = "v1.4.0"

[[projects]]
  branch = "master"
  digest = "1:bbe51412d9915d64ffaa96b51d409e070665efc5194fcf145c4a27d4133107a4"
  name = "golang.org/x/crypto"
  packages = ["ssh/terminal"]
  pruneopts = "UT"
  revision = "a5d413f7728c81fb97d96a2b722368945f651e78"

[[projects]]
  branch = "master"
  digest = "1:6b3e6ddcebac95be1d690dbd53b5aa2e520715becb7e521bb526ccf3b4c53c15"
  name = "golang.org/x/sys"
  packages = [
    "unix",
    "windows",
  ]
  pruneopts = "UT"
  revision = "f49334f85ddcf0f08d7fb6dd7363e9e6d6b777eb"

[solve-meta]
  analyzer-name = "dep"
  analyzer-version = 1
  input-imports = [
    "github.com/digitalocean/go-openvswitch/ovs",
    "github.com/libvirt/libvirt-go",
    "github.com/newrelic/go-agent",
    "github.com/sirupsen/logrus",
  ]
  solver-name = "gps-cdcl"
  solver-version = 1
